Microsoft Visual Studio Solution File, Format Version 12.00
# Visual Studio Version 17
VisualStudioVersion = 17.5.2.0
MinimumVisualStudioVersion = 10.0.40219.1
Project("{FAE04EC0-301F-11D3-BF4B-00C04F79EFBC}") = "MedicalSICCcaseCS", "src\MedicalSICCcaseCS.csproj", "{30102CB4-4719-99AB-0BEC-A8FC2C779ABC}"
EndProject
Global
	GlobalSection(SolutionConfigurationPlatforms) = preSolution
		Debug|Any CPU = Debug|Any CPU
		Release|Any CPU = Release|Any CPU
	EndGlobalSection
	GlobalSection(ProjectConfigurationPlatforms) = postSolution
		{30102CB4-4719-99AB-0BEC-A8FC2C779ABC}.Debug|Any CPU.ActiveCfg = Debug|Any CPU
		{30102CB4-4719-99AB-0BEC-A8FC2C779ABC}.Debug|Any CPU.Build.0 = Debug|Any CPU
		{30102CB4-4719-99AB-0BEC-A8FC2C779ABC}.Release|Any CPU.ActiveCfg = Release|Any CPU
		{30102CB4-4719-99AB-0BEC-A8FC2C779ABC}.Release|Any CPU.Build.0 = Release|Any CPU
	EndGlobalSection
	GlobalSection(SolutionProperties) = preSolution
		HideSolutionNode = FALSE
	EndGlobalSection
	GlobalSection(ExtensibilityGlobals) = postSolution
		SolutionGuid = {F94606D8-D4DE-43CB-BBE9-74C4606D4EB2}
	EndGlobalSection
EndGlobal
